{
  "originHash" : "8d74be34e5adec99f0c7a35af2571da0e6bb6d32394e3e72d19a70e787a25248",
  "pins" : [
    {
      "identity" : "swift-algorand",
      "kind" : "remoteSourceControl",
      "location" : "https://github.com/CorvidLabs/swift-algorand",
      "state" : {
        "revision" : "aaecc39d0f462a1a2468785cf0d1a8a3e62815e2",
        "version" : "0.1.0"
      }
    },
    {
      "identity" : "swift-asn1",
      "kind" : "remoteSourceControl",
      "location" : "https://github.com/apple/swift-asn1.git",
      "state" : {
        "revision" : "40d25bbb2fc5b557a9aa8512210bded327c0f60d",
        "version" : "1.5.0"
      }
    },
    {
      "identity" : "swift-crypto",
      "kind" : "remoteSourceControl",
      "location" : "https://github.com/apple/swift-crypto.git",
      "state" : {
        "revision" : "95ba0316a9b733e92bb6b071255ff46263bbe7dc",
        "version" : "3.15.1"
      }
    },
    {
      "identity" : "swift-docc-plugin",
      "kind" : "remoteSourceControl",
      "location" : "https://github.com/swiftlang/swift-docc-plugin",
      "state" : {
        "revision" : "3e4f133a77e644a5812911a0513aeb7288b07d06",
        "version" : "1.4.5"
      }
    },
    {
      "identity" : "swift-docc-symbolkit",
      "kind" : "remoteSourceControl",
      "location" : "https://github.com/swiftlang/swift-docc-symbolkit",
      "state" : {
        "revision" : "b45d1f2ed151d057b54504d653e0da5552844e34",
        "version" : "1.0.0"
      }
    },
    {
      "identity" : "swift-pinata",
      "kind" : "remoteSourceControl",
      "location" : "https://github.com/CorvidLabs/swift-pinata",
      "state" : {
        "revision" : "2b1cdbcf8a8be38983f273cb5be32b0960ca324c",
        "version" : "0.1.0"
      }
    }
  ],
  "version" : 3
}
